
Microsoft Visual Studio Solution File, Format Version 12.00
# Visual Studio Version 17
VisualStudioVersion = 17.1.32328.378
MinimumVisualStudioVersion = 10.0.40219.1
Project("{FAE04EC0-301F-11D3-BF4B-00C04F79EFBC}") = "StarWars", "StarWars\StarWars.csproj", "{5D2BEA64-4569-42FD-AF61-14065A174762}"
EndProject
Project("{FAE04EC0-301F-11D3-BF4B-00C04F79EFBC}") = "StarWars.Domain", "StarWars.Domain\StarWars.Domain.csproj", "{3AA9353A-F8C6-4724-A3C4-ECACFC134951}"
EndProject
Global
	GlobalSection(SolutionConfigurationPlatforms) = preSolution
		Debug|Any CPU = Debug|Any CPU
		Release|Any CPU = Release|Any CPU
	EndGlobalSection
	GlobalSection(ProjectConfigurationPlatforms) = postSolution
		{5D2BEA64-4569-42FD-AF61-14065A174762}.Debug|Any CPU.ActiveCfg = Debug|Any CPU
		{5D2BEA64-4569-42FD-AF61-14065A174762}.Debug|Any CPU.Build.0 = Debug|Any CPU
		{5D2BEA64-4569-42FD-AF61-14065A174762}.Release|Any CPU.ActiveCfg = Release|Any CPU
		{5D2BEA64-4569-42FD-AF61-14065A174762}.Release|Any CPU.Build.0 = Release|Any CPU
		{3AA9353A-F8C6-4724-A3C4-ECACFC134951}.Debug|Any CPU.ActiveCfg = Debug|Any CPU
		{3AA9353A-F8C6-4724-A3C4-ECACFC134951}.Debug|Any CPU.Build.0 = Debug|Any CPU
		{3AA9353A-F8C6-4724-A3C4-ECACFC134951}.Release|Any CPU.ActiveCfg = Release|Any CPU
		{3AA9353A-F8C6-4724-A3C4-ECACFC134951}.Release|Any CPU.Build.0 = Release|Any CPU
	EndGlobalSection
	GlobalSection(SolutionProperties) = preSolution
		HideSolutionNode = FALSE
	EndGlobalSection
	GlobalSection(ExtensibilityGlobals) = postSolution
		SolutionGuid = {4E981F1A-70E3-4E02-8297-74BEE4146B18}
	EndGlobalSection
EndGlobal
